github.com/Codefor/geohash v0.0.0-20140723084247-1b41c28e3a9d h1:iG9B49Q218F/XxXNRM7k/vWf7MKmLIS8AcJV9cGN4nA=
github.com/Codefor/geohash v0.0.0-20140723084247-1b41c28e3a9d/go.mod h1:RVnhzAX71far8Kc3TQeA0k/dcaEKUnTDSOyet/JCmGI=
github.com/TomiHiltunen/geohash-golang v0.0.0-20150112065804-b3e4e625abfb h1:wumPkzt4zaxO4rHPBrjDK8iZMR41C1qs7njNqlacwQg=
github.com/TomiHiltunen/geohash-golang v0.0.0-20150112065804-b3e4e625abfb/go.mod h1:QiYsIBRQEO+Z4Rz7GoI+dsHVneZNONvhczuA+llOZNM=
github.com/alecthomas/assert/v2 v2.11.0 h1:2Q9r3ki8+JYXvGsDyBXwH3LcJ+WK5D0gc5E8vS6K3D0=
github.com/alecthomas/assert/v2 v2.11.0/go.mod h1:Bze95FyfUr7x34QZrjL+XP+0qgp/zg8yS+TtBj1WA3k=
github.com/alecthomas/kong v1.16.1 h1:ixhCt93XkJ98kGposQ54+bl0IK6XwqB40AsMynU7Z8E=
github.com/alecthomas/kong v1.16.1/go.mod h1:wrlbXem1CWqUV5Vbmss5ISYhsVPkBb1Yo7YKJghju2I=
github.com/alecthomas/repr v0.5.2 h1:SU73FTI9D1P5UNtvseffFSGmdNci/O6RsqzeXJtP0Qs=
github.com/alecthomas/repr v0.5.2/go.mod h1:Fr0507jx4eOXV7AlPV6AVZLYrLIuIeSOWtW57eE/O/4=
github.com/broady/gogeohash v0.0.0-20120525094510-7b2c40d64042 h1:iEdmkrNMLXbM7ecffOAtZJQOQUTE4iMonxrb5opUgE4=
github.com/broady/gogeohash v0.0.0-20120525094510-7b2c40d64042/go.mod h1:f1L9YvXvlt9JTa+A17trQjSMM6bV40f+tHjB+Pi+Fqk=
github.com/c-bata/go-prompt v0.2.5/go.mod h1:vFnjEGDIIA/Lib7giyE4E9c50Lvl8j0S+7FVlAwDAVw=
github.com/clipperhouse/uax29/v2 v2.7.0 h1:+gs4oBZ2gPfVrKPthwbMzWZDaAFPGYK72F0NJv2v7Vk=
github.com/clipperhouse/uax29/v2 v2.7.0/go.mod h1:EFJ2TJMRUaplDxHKj1qAEhCtQPW2tJSwu5BF98AuoVM=
github.com/creack/pty v1.1.9/go.mod h1:oKZEueFk5CKHvIhNR5MUki03XCEU+Q6VDXinZuGJ33E=
github.com/davecgh/go-spew v1.1.0/go.mod h1:J7Y8YcW2NihsgmVo/mv3lAwl/skON4iLHjSsI+c5H38=
github.com/davecgh/go-spew v1.1.1 h1:vj9j/u1bqnvCEfJOwUhtlOARqs3+rkHYY13jYWTU97c=
github.com/davecgh/go-spew v1.1.1/go.mod h1:J7Y8YcW2NihsgmVo/mv3lAwl/skON4iLHjSsI+c5H38=
github.com/fanixk/geohash v0.0.0-20150324002647-c1f9b5fa157a h1:Fyfh/dsHFrC6nkX7H7+nFdTd1wROlX/FxEIWVpKYf1U=
github.com/fanixk/geohash v0.0.0-20150324002647-c1f9b5fa157a/go.mod h1:UgNw+PTmmGN8rV7RvjvnBMsoTU8ZXXnaT3hYsDTBlgQ=
github.com/gandarez/go-olson-timezone v0.1.0 h1:cDRlHKQE0uC3mJNZyKoQIpAuvQtV8KXwIVj8bDEEyuo=
github.com/gandarez/go-olson-timezone v0.1.0/go.mod h1:+yV/cYNjgs2JqdGShznAD4R13r8lKMGR2XlWAJqa5Yo=
github.com/gobeam/stringy v0.0.7 h1:TD8SfhedUoiANhW88JlJqfrMsihskIRpU/VTsHGnAps=
github.com/gobeam/stringy v0.0.7/go.mod h1:W3620X9dJHf2FSZF5fRnWekHcHQjwmCz8ZQ2d1qloqE=
github.com/hako/durafmt v0.0.0-20210608085754-5c1018a4e16b h1:wDUNC2eKiL35DbLvsDhiblTUXHxcOPwQSCzi7xpQUN4=
github.com/hako/durafmt v0.0.0-20210608085754-5c1018a4e16b/go.mod h1:VzxiSdG6j1pi7rwGm/xYI5RbtpBgM8sARDXlvEvxlu0=
github.com/hexops/gotextdiff v1.0.3 h1:gitA9+qJrrTCsiCl7+kh75nPqQt1cx4ZkudSTLoUqJM=
github.com/hexops/gotextdiff v1.0.3/go.mod h1:pSWU5MAI3yDq+fZBTazCSJysOMbxWL1BSow5/V2vxeg=
github.com/jameskeane/bcrypt v0.0.0-20120420032655-c3cd44c1e20f h1:UWGE8Vi+1Agt0lrvnd7UsmvwqWKRzb9byK9iQmsbY0Y=
github.com/jameskeane/bcrypt v0.0.0-20120420032655-c3cd44c1e20f/go.mod h1:u+9Snq0w+ZdYKi8BBoaxnEwWu0fY4Kvu9ByFpM51t1s=
github.com/jedib0t/go-pretty/v6 v6.8.3 h1:yVSk5aemoYHCvcrtqyXklwqcgHQIQzmy/oUzFlmffSQ=
github.com/jedib0t/go-pretty/v6 v6.8.3/go.mod h1:YwC5CE4fJ1HFUDeivSV1r//AmANFHyqczZk+U6BDALU=
github.com/jzelinskie/whirlpool v0.0.0-20201016144138-0675e54bb004 h1:G+9t9cEtnC9jFiTxyptEKuNIAbiN5ZCQzX2a74lj3xg=
github.com/jzelinskie/whirlpool v0.0.0-20201016144138-0675e54bb004/go.mod h1:KmHnJWQrgEvbuy0vcvj00gtMqbvNn1L+3YUZLK/B92c=
github.com/klauspost/cpuid/v2 v2.4.0 h1:S6Hrbc7+ywsr0r+RLapfGBHfyefhCTwEh3A0tV913Dw=
github.com/klauspost/cpuid/v2 v2.4.0/go.mod h1:19jmZ9mjzoF//ddRSUsv0zfBTJWh3QJh9FNxZTMrGxU=
github.com/kr/pty v1.1.1/go.mod h1:pFQYn66WHrOpPYNljwOMqo10TkYh1fy3cYio2l3bCsQ=
github.com/kr/text v0.1.0/go.mod h1:4Jbv+DJW3UT/LiOwJeYQe1efqtUx/iVham/4vfdArNI=
github.com/kr/text v0.2.0 h1:5Nx0Ya0ZqY2ygV366QzturHI13Jq95ApcVaJBhpS+AY=
github.com/kr/text v0.2.0/go.mod h1:eLer722TekiGuMkidMxC/pM04lWEeraHUUmBw8l2grE=
github.com/matthewhartstonge/argon2 v1.6.3 h1:MPpeTi/U0Ag69hnRtf3tU77gA7hz+DZnmInkrRepuGg=
github.com/matthewhartstonge/argon2 v1.6.3/go.mod h1:ovOXBw0Ial+e68Yunafx98FMTGty5NA94XDSkND1Bc8=
github.com/mattn/go-colorable v0.1.4/go.mod h1:U0ppj6V5qS13XJ6of8GYAs25YV2eR4EVcfRqFIhoBtE=
github.com/mattn/go-colorable v0.1.7/go.mod h1:u6P/XSegPjTcexA+o6vUJrdnUu04hMope9wVRipJSqc=
github.com/mattn/go-isatty v0.0.8/go.mod h1:Iq45c/XA43vh69/j3iqttzPXn0bhXyGjM0Hdxcsrc5s=
github.com/mattn/go-isatty v0.0.10/go.mod h1:qgIWMr58cqv1PHHyhnkY9lrL7etaEgOFcMEpPG5Rm84=
github.com/mattn/go-isatty v0.0.12/go.mod h1:cbi8OIDigv2wuxKPP5vlRcQ1OAZbq2CE4Kysco4FUpU=
github.com/mattn/go-runewidth v0.0.6/go.mod h1:H031xJmbD/WCDINGzjvQ9THkh0rPKHF+m2gUSrubnMI=
github.com/mattn/go-runewidth v0.0.9/go.mod h1:H031xJmbD/WCDINGzjvQ9THkh0rPKHF+m2gUSrubnMI=
github.com/mattn/go-runewidth v0.0.31 h1:1oCV4ReTlosDBc6rYRw5cL8S/4y8iv5oRl4SJ5IBgwo=
github.com/mattn/go-runewidth v0.0.31/go.mod h1:3qAiGCV4Koz/yuveO58qUefmUTRm8r0IGEXZ9jeHp/8=
github.com/mattn/go-tty v0.0.3/go.mod h1:ihxohKRERHTVzN+aSVRwACLCeqIoZAWpoICkkvrWyR0=
github.com/mmcloughlin/geohash v0.10.0 h1:9w1HchfDfdeLc+jFEf/04D27KP7E2QmpDu52wPbJWRE=
github.com/mmcloughlin/geohash v0.10.0/go.mod h1:oNZxQo5yWJh0eMQEP/8hwQuVx9Z9tjwFUqcTB1SmG0c=
github.com/mnogu/go-calculator v0.0.1 h1:paStmrI700koHPtMGNQoAlbQNV1OWjwmSTzeAGq/t+k=
github.com/mnogu/go-calculator v0.0.1/go.mod h1:ZZaGIAlygAGgwJq2XSwV/uTrnlmEvvAIM5g4kQK/dqk=
github.com/niemeyer/pretty v0.0.0-20200227124842-a10e7caefd8e h1:fD57ERR4JtEqsWbfPhv4DMiApHyliiK5xCTNVSPiaAs=
github.com/niemeyer/pretty v0.0.0-20200227124842-a10e7caefd8e/go.mod h1:zD1mROLANZcx1PVRCS0qkT7pwLkGfwJo4zjcN/Tysno=
github.com/pierrre/assert v0.15.6 h1:ViaSTSKY9yl9jwetTRctgEkdA/GrBfy+7bKfJh9UXUc=
github.com/pierrre/assert v0.15.6/go.mod h1:YSbIFOcrKTOzSr28UnfbGs0sdgZsjciLkQ7oTZJsK7k=
github.com/pierrre/compare v1.5.0 h1:t+QADhk3WbkMAljPAb07mpYSs5kl+N1iUEJyKntIsWY=
github.com/pierrre/compare v1.5.0/go.mod h1:ftjRfyE24SAsG3vNwZpcqy5lw9pD+JoMDul0tfyL7TI=
github.com/pierrre/geohash v1.2.1 h1:O51KOB0Lwkyz9SZ0KnYIAg645ibvBER9o89B6rBtutU=
github.com/pierrre/geohash v1.2.1/go.mod h1:/ubLzrYZPC+xMQyLdjBiP36wAQU3bJkPuz+h2VijbxM=
github.com/pierrre/go-libs v0.34.8 h1:Wyrzfk+qNPpHrNpd31GfaNMVEeRQVhxz3j3MfDvlVZE=
github.com/pierrre/go-libs v0.34.8/go.mod h1:EHXn0WKC53KrJiAsRjAm9eBcxNkPmzwVX6pRjnbRZuE=
github.com/pierrre/pretty v0.26.6 h1:bL4SgdD/RkIYN58FT3ZCCQVIq8mWSYFK3wGwibyCJiI=
github.com/pierrre/pretty v0.26.6/go.mod h1:g79mEtZ7k4rPdPjqWa2pMVMYEOoU80VwJomZRtiIqfw=
github.com/pkg/term v1.1.0/go.mod h1:E25nymQcrSllhX42Ok8MRm1+hyBdHY0dCeiKZ9jpNGw=
github.com/pmezard/go-difflib v1.0.0 h1:4DBwDE0NGyQoBHbLQYPwSUPoCMWR5BEzIk/f1lZbAQM=
github.com/pmezard/go-difflib v1.0.0/go.mod h1:iKH77koFhYxTK1pcRnkKkqfTogsbg7gZNVY4sRDYZ/4=
github.com/stretchr/objx v0.1.0/go.mod h1:HFkY916IF+rwdDfMAkV7OtwuqBVzrE8GR6GFx+wExME=
github.com/stretchr/testify v1.6.1/go.mod h1:6Fq8oRcR53rry900zMqJjRRixrwX3KX962/h/Wwjteg=
github.com/stretchr/testify v1.10.0 h1:Xv5erBjTwe/5IxqUQTdXv5kgmIvbHo3QQyRwhJsOfJA=
github.com/stretchr/testify v1.10.0/go.mod h1:r2ic/lqez/lEtzL7wO/rwa5dbSLXVDPFyf8C91i36aY=
github.com/the42/cartconvert v1.0.0 h1:g8kt6ic2GEhdcZ61ZP9GsWwhosVo5nCnH1n2/oAQXUU=
github.com/the42/cartconvert v1.0.0/go.mod h1:fWO/msnJVhHqN1yX6OBoxSyfj7TEj1hHiL8bJSQsK30=
github.com/yookoala/realpath v1.0.0 h1:7OA9pj4FZd+oZDsyvXWQvjn5oBdcHRTV44PpdMSuImQ=
github.com/yookoala/realpath v1.0.0/go.mod h1:gJJMA9wuX7AcqLy1+ffPatSCySA1FQ2S8Ya9AIoYBpE=
golang.org/x/crypto v0.57.0 h1:3ZVCjf8Ggz7zneR/EHRVx68Ctf+2pmIMP2UFhh9cC6M=
golang.org/x/crypto v0.57.0/go.mod h1:Fdz0i5U6CoizGwLda9DttjSk6qlZo25zYNtR+ycvuZA=
golang.org/x/sync v0.0.0-20190911185100-cd5d95a43a6e/go.mod h1:RxMgew5VJxzue5/jJTE5uejpjVlOe/izrB70Jof72aM=
golang.org/x/sys v0.0.0-20190222072716-a9d3bda3a223/go.mod h1:STP8DvDyc/dI5b8T5hshtkjS+E42TnysNCUPdjciGhY=
golang.org/x/sys v0.0.0-20191008105621-543471e840be/go.mod h1:h1NjWce9XRLGQEsW7wpKNCjG9DtNlClVuFLEZdDNbEs=
golang.org/x/sys v0.0.0-20191120155948-bd437916bb0e/go.mod h1:h1NjWce9XRLGQEsW7wpKNCjG9DtNlClVuFLEZdDNbEs=
golang.org/x/sys v0.0.0-20200116001909-b77594299b42/go.mod h1:h1NjWce9XRLGQEsW7wpKNCjG9DtNlClVuFLEZdDNbEs=
golang.org/x/sys v0.0.0-20200223170610-d5e6a3e2c0ae/go.mod h1:h1NjWce9XRLGQEsW7wpKNCjG9DtNlClVuFLEZdDNbEs=
golang.org/x/sys v0.0.0-20200909081042-eff7692f9009/go.mod h1:h1NjWce9XRLGQEsW7wpKNCjG9DtNlClVuFLEZdDNbEs=
golang.org/x/sys v0.0.0-20200918174421-af09f7315aff/go.mod h1:h1NjWce9XRLGQEsW7wpKNCjG9DtNlClVuFLEZdDNbEs=
golang.org/x/sys v0.48.0 h1:bbX/i/6MgT9BVLM9RT1thmxL04yeTAhbEz4SyadbXoo=
golang.org/x/sys v0.48.0/go.mod h1:hNLxWAXmnKAxqDtdwIYC4bM9oQPEecfsnNMuSxOs3og=
golang.org/x/text v0.42.0 h1:JbOZXgfeCPU9gacVtYliJqOhD+zhrEqK4LfdpmlUZqI=
golang.org/x/text v0.42.0/go.mod h1:ojzP1Z+2QtioaF8DTtO8K5q7JWVVYwZKenzujK0Zd0E=
gopkg.in/check.v1 v0.0.0-20161208181325-20d25e280405/go.mod h1:Co6ibVJAznAaIkqp8huTwlJQCZ016jof/cbN4VW5Yz0=
gopkg.in/check.v1 v1.0.0-20200227125254-8fa46927fb4f h1:BLraFXnmrev5lT+xlilqcH8XK9/i0At2xKjWk4p6zsU=
gopkg.in/check.v1 v1.0.0-20200227125254-8fa46927fb4f/go.mod h1:Co6ibVJAznAaIkqp8huTwlJQCZ016jof/cbN4VW5Yz0=
gopkg.in/yaml.v2 v2.4.0 h1:D8xgwECY7CYvx+Y2n4sBz93Jn9JRvxdiyyo8CTfuKaY=
gopkg.in/yaml.v2 v2.4.0/go.mod h1:RDklbk79AGWmwhnvt/jBztapEOGDOx6ZbXqjP6csGnQ=
gopkg.in/yaml.v3 v3.0.0-20200313102051-9f266ea9e77c/go.mod h1:K4uyk7z7BCEPqu6E+C64Yfv1cQ7kz7rIZviUmN+EgEM=
gopkg.in/yaml.v3 v3.0.1 h1:fxVm/GzAzEWqLHuvctI91KS9hhNmmWOoWu0XTYJS7CA=
gopkg.in/yaml.v3 v3.0.1/go.mod h1:K4uyk7z7BCEPqu6E+C64Yfv1cQ7kz7rIZviUmN+EgEM=
lukechampine.com/blake3 v1.4.1 h1:I3Smz7gso8w4/TunLKec6K2fn+kyKtDxr/xcQEN84Wg=
lukechampine.com/blake3 v1.4.1/go.mod h1:QFosUxmjB8mnrWFSNwKmvxHpfY72bmD2tQ0kBMM3kwo=
